
Microsoft Visual Studio Solution File, Format Version 11.00
# Visual Studio 2010
Project("{FAE04EC0-301F-11D3-BF4B-00C04F79EFBC}") = "GUI", "GUI\GUI.csproj", "{89B5277B-4D61-48D3-8E39-749EB5E89408}"
EndProject
Project("{FAE04EC0-301F-11D3-BF4B-00C04F79EFBC}") = "DAO", "DAO\DAO.csproj", "{9D5CB275-A39B-4EAE-8138-C9386712094F}"
EndProject
Project("{FAE04EC0-301F-11D3-BF4B-00C04F79EFBC}") = "DTO", "DTO\DTO.csproj", "{298449D2-156F-4954-ABEA-71449C2AB19F}"
EndProject
Project("{FAE04EC0-301F-11D3-BF4B-00C04F79EFBC}") = "BUS", "BUS\BUS.csproj", "{24D77C87-03AD-442B-97FC-25E8B5113326}"
EndProject
Global
	GlobalSection(SolutionConfigurationPlatforms) = preSolution
		Debug|Any CPU = Debug|Any CPU
		Debug|Mixed Platforms = Debug|Mixed Platforms
		Debug|x86 = Debug|x86
		Release|Any CPU = Release|Any CPU
		Release|Mixed Platforms = Release|Mixed Platforms
		Release|x86 = Release|x86
	EndGlobalSection
	GlobalSection(ProjectConfigurationPlatforms) = postSolution
		{89B5277B-4D61-48D3-8E39-749EB5E89408}.Debug|Any CPU.ActiveCfg = Debug|x86
		{89B5277B-4D61-48D3-8E39-749EB5E89408}.Debug|Mixed Platforms.ActiveCfg = Debug|x86
		{89B5277B-4D61-48D3-8E39-749EB5E89408}.Debug|Mixed Platforms.Build.0 = Debug|x86
		{89B5277B-4D61-48D3-8E39-749EB5E89408}.Debug|x86.ActiveCfg = Debug|x86
		{89B5277B-4D61-48D3-8E39-749EB5E89408}.Debug|x86.Build.0 = Debug|x86
		{89B5277B-4D61-48D3-8E39-749EB5E89408}.Release|Any CPU.ActiveCfg = Release|x86
		{89B5277B-4D61-48D3-8E39-749EB5E89408}.Release|Mixed Platforms.ActiveCfg = Release|x86
		{89B5277B-4D61-48D3-8E39-749EB5E89408}.Release|Mixed Platforms.Build.0 = Release|x86
		{89B5277B-4D61-48D3-8E39-749EB5E89408}.Release|x86.ActiveCfg = Release|x86
		{89B5277B-4D61-48D3-8E39-749EB5E89408}.Release|x86.Build.0 = Release|x86
		{9D5CB275-A39B-4EAE-8138-C9386712094F}.Debug|Any CPU.ActiveCfg = Debug|Any CPU
		{9D5CB275-A39B-4EAE-8138-C9386712094F}.Debug|Any CPU.Build.0 = Debug|Any CPU
		{9D5CB275-A39B-4EAE-8138-C9386712094F}.Debug|Mixed Platforms.ActiveCfg = Debug|Any CPU
		{9D5CB275-A39B-4EAE-8138-C9386712094F}.Debug|Mixed Platforms.Build.0 = Debug|Any CPU
		{9D5CB275-A39B-4EAE-8138-C9386712094F}.Debug|x86.ActiveCfg = Debug|Any CPU
		{9D5CB275-A39B-4EAE-8138-C9386712094F}.Release|Any CPU.ActiveCfg = Release|Any CPU
		{9D5CB275-A39B-4EAE-8138-C9386712094F}.Release|Any CPU.Build.0 = Release|Any CPU
		{9D5CB275-A39B-4EAE-8138-C9386712094F}.Release|Mixed Platforms.ActiveCfg = Release|Any CPU
		{9D5CB275-A39B-4EAE-8138-C9386712094F}.Release|Mixed Platforms.Build.0 = Release|Any CPU
		{9D5CB275-A39B-4EAE-8138-C9386712094F}.Release|x86.ActiveCfg = Release|Any CPU
		{298449D2-156F-4954-ABEA-71449C2AB19F}.Debug|Any CPU.ActiveCfg = Debug|Any CPU
		{298449D2-156F-4954-ABEA-71449C2AB19F}.Debug|Any CPU.Build.0 = Debug|Any CPU
		{298449D2-156F-4954-ABEA-71449C2AB19F}.Debug|Mixed Platforms.ActiveCfg = Debug|Any CPU
		{298449D2-156F-4954-ABEA-71449C2AB19F}.Debug|Mixed Platforms.Build.0 = Debug|Any CPU
		{298449D2-156F-4954-ABEA-71449C2AB19F}.Debug|x86.ActiveCfg = Debug|Any CPU
		{298449D2-156F-4954-ABEA-71449C2AB19F}.Release|Any CPU.ActiveCfg = Release|Any CPU
		{298449D2-156F-4954-ABEA-71449C2AB19F}.Release|Any CPU.Build.0 = Release|Any CPU
		{298449D2-156F-4954-ABEA-71449C2AB19F}.Release|Mixed Platforms.ActiveCfg = Release|Any CPU
		{298449D2-156F-4954-ABEA-71449C2AB19F}.Release|Mixed Platforms.Build.0 = Release|Any CPU
		{298449D2-156F-4954-ABEA-71449C2AB19F}.Release|x86.ActiveCfg = Release|Any CPU
		{24D77C87-03AD-442B-97FC-25E8B5113326}.Debug|Any CPU.ActiveCfg = Debug|Any CPU
		{24D77C87-03AD-442B-97FC-25E8B5113326}.Debug|Any CPU.Build.0 = Debug|Any CPU
		{24D77C87-03AD-442B-97FC-25E8B5113326}.Debug|Mixed Platforms.ActiveCfg = Debug|Any CPU
		{24D77C87-03AD-442B-97FC-25E8B5113326}.Debug|Mixed Platforms.Build.0 = Debug|Any CPU
		{24D77C87-03AD-442B-97FC-25E8B5113326}.Debug|x86.ActiveCfg = Debug|Any CPU
		{24D77C87-03AD-442B-97FC-25E8B5113326}.Release|Any CPU.ActiveCfg = Release|Any CPU
		{24D77C87-03AD-442B-97FC-25E8B5113326}.Release|Any CPU.Build.0 = Release|Any CPU
		{24D77C87-03AD-442B-97FC-25E8B5113326}.Release|Mixed Platforms.ActiveCfg = Release|Any CPU
		{24D77C87-03AD-442B-97FC-25E8B5113326}.Release|Mixed Platforms.Build.0 = Release|Any CPU
		{24D77C87-03AD-442B-97FC-25E8B5113326}.Release|x86.ActiveCfg = Release|Any CPU
	EndGlobalSection
	GlobalSection(SolutionProperties) = preSolution
		HideSolutionNode = FALSE
	EndGlobalSection
EndGlobal
